
Microsoft Visual Studio Solution File, Format Version 11.00
# Visual Studio 2010
Project("{FAE04EC0-301F-11D3-BF4B-00C04F79EFBC}") = "Restful.Service.Client", "Restful.Service.Client\Restful.Service.Client.csproj", "{AC954445-02F4-4114-8E8F-37E3F24E0551}"
EndProject
Global
	GlobalSection(SolutionConfigurationPlatforms) = preSolution
		Debug|Any CPU = Debug|Any CPU
		Release|Any CPU = Release|Any CPU
	EndGlobalSection
	GlobalSection(ProjectConfigurationPlatforms) = postSolution
		{AC954445-02F4-4114-8E8F-37E3F24E0551}.Debug|Any CPU.ActiveCfg = Debug|Any CPU
		{AC954445-02F4-4114-8E8F-37E3F24E0551}.Debug|Any CPU.Build.0 = Debug|Any CPU
		{AC954445-02F4-4114-8E8F-37E3F24E0551}.Release|Any CPU.ActiveCfg = Release|Any CPU
		{AC954445-02F4-4114-8E8F-37E3F24E0551}.Release|Any CPU.Build.0 = Release|Any CPU
	EndGlobalSection
	GlobalSection(SolutionProperties) = preSolution
		HideSolutionNode = FALSE
	EndGlobalSection
EndGlobal
